
Microsoft Visual Studio Solution File, Format Version 12.00
# Visual Studio 15
VisualStudioVersion = 15.0.28010.2026
MinimumVisualStudioVersion = 10.0.40219.1
Project("{9A19103F-16F7-4668-BE54-9A1E7A4F7556}") = "Kafka.Proto", "src\Kafka.Proto\Kafka.Proto.csproj", "{61E4126E-43B1-40E8-8975-926EFC14FC3A}"
EndProject
Project("{FAE04EC0-301F-11D3-BF4B-00C04F79EFBC}") = "Kafka.Proto.Test", "test\Kafka.Proto.Test\Kafka.Proto.Test.csproj", "{928064E5-253A-4BCE-A52D-E7C44BE4E437}"
EndProject
Global
	GlobalSection(SolutionConfigurationPlatforms) = preSolution
		Debug|Any CPU = Debug|Any CPU
		Release|Any CPU = Release|Any CPU
	EndGlobalSection
	GlobalSection(ProjectConfigurationPlatforms) = postSolution
		{61E4126E-43B1-40E8-8975-926EFC14FC3A}.Debug|Any CPU.ActiveCfg = Debug|Any CPU
		{61E4126E-43B1-40E8-8975-926EFC14FC3A}.Debug|Any CPU.Build.0 = Debug|Any CPU
		{61E4126E-43B1-40E8-8975-926EFC14FC3A}.Release|Any CPU.ActiveCfg = Release|Any CPU
		{61E4126E-43B1-40E8-8975-926EFC14FC3A}.Release|Any CPU.Build.0 = Release|Any CPU
		{928064E5-253A-4BCE-A52D-E7C44BE4E437}.Debug|Any CPU.ActiveCfg = Debug|Any CPU
		{928064E5-253A-4BCE-A52D-E7C44BE4E437}.Debug|Any CPU.Build.0 = Debug|Any CPU
		{928064E5-253A-4BCE-A52D-E7C44BE4E437}.Release|Any CPU.ActiveCfg = Release|Any CPU
		{928064E5-253A-4BCE-A52D-E7C44BE4E437}.Release|Any CPU.Build.0 = Release|Any CPU
	EndGlobalSection
	GlobalSection(SolutionProperties) = preSolution
		HideSolutionNode = FALSE
	EndGlobalSection
	GlobalSection(ExtensibilityGlobals) = postSolution
		SolutionGuid = {386ED08D-ABF9-40EC-8EBD-C860E3DF55B8}
	EndGlobalSection
EndGlobal
